// !$*UTF8*$!
{
	archiveVersion = 1;
	classes = {
	};
	objectVersion = 56;
	objects = {

/* Begin PBXBuildFile section */
		720EF40A2C7AB3790065D375 /* LoginView.swift in Sources */ = {isa = PBXBuildFile; fileRef = 720EF4092C7AB3790065D375 /* LoginView.swift */; };
		72873B122C7AF90B00BA75E8 /* CheckNeochi.swift in Sources */ = {isa = PBXBuildFile; fileRef = 72873B112C7AF90B00BA75E8 /* CheckNeochi.swift */; };
		72873B162C7C064A00BA75E8 /* Alerm.swift in Sources */ = {isa = PBXBuildFile; fileRef = 72873B152C7C064A00BA75E8 /* Alerm.swift */; };
		72A8E9062C779A3C0058AA93 /* no_neochiApp.swift in Sources */ = {isa = PBXBuildFile; fileRef = 72A8E9052C779A3C0058AA93 /* no_neochiApp.swift */; };
		72A8E9082C779A3C0058AA93 /* ScheduleListView.swift in Sources */ = {isa = PBXBuildFile; fileRef = 72A8E9072C779A3C0058AA93 /* ScheduleListView.swift */; };
		72A8E90A2C779A3D0058AA93 /* Assets.xcassets in Resources */ = {isa = PBXBuildFile; fileRef = 72A8E9092C779A3D0058AA93 /* Assets.xcassets */; };
		72A8E90D2C779A3D0058AA93 /* Preview Assets.xcassets in Resources */ = {isa = PBXBuildFile; fileRef = 72A8E90C2C779A3D0058AA93 /* Preview Assets.xcassets */; };
		72A8E9172C779A3D0058AA93 /* no_neochiTests.swift in Sources */ = {isa = PBXBuildFile; fileRef = 72A8E9162C779A3D0058AA93 /* no_neochiTests.swift */; };
		72A8E9212C779A3D0058AA93 /* no_neochiUITests.swift in Sources */ = {isa = PBXBuildFile; fileRef = 72A8E9202C779A3D0058AA93 /* no_neochiUITests.swift */; };
		72A8E9232C779A3D0058AA93 /* no_neochiUITestsLaunchTests.swift in Sources */ = {isa = PBXBuildFile; fileRef = 72A8E9222C779A3D0058AA93 /* no_neochiUITestsLaunchTests.swift */; };
		72A8E9302C795B160058AA93 /* ButtomNavigationView.swift in Sources */ = {isa = PBXBuildFile; fileRef = 72A8E92F2C795B160058AA93 /* ButtomNavigationView.swift */; };
		72A8E9332C79C4E30058AA93 /* Schedule.swift in Sources */ = {isa = PBXBuildFile; fileRef = 72A8E9322C79C4E30058AA93 /* Schedule.swift */; };
		72D776182C7A456F00CBA371 /* AddEventView.swift in Sources */ = {isa = PBXBuildFile; fileRef = 72D776172C7A456F00CBA371 /* AddEventView.swift */; };
		72EB85D02C7A4C9D00C673E4 /* formatter.swift in Sources */ = {isa = PBXBuildFile; fileRef = 72EB85CF2C7A4C9D00C673E4 /* formatter.swift */; };
/* End PBXBuildFile section */

/* Begin PBXContainerItemProxy section */
		72A8E9132C779A3D0058AA93 /* PBXContainerItemProxy */ = {
			isa = PBXContainerItemProxy;
			containerPortal = 72A8E8FA2C779A3C0058AA93 /* Project object */;
			proxyType = 1;
			remoteGlobalIDString = 72A8E9012C779A3C0058AA93;
			remoteInfo = "no-neochi";
		};
		72A8E91D2C779A3D0058AA93 /* PBXContainerItemProxy */ = {
			isa = PBXContainerItemProxy;
			containerPortal = 72A8E8FA2C779A3C0058AA93 /* Project object */;
			proxyType = 1;
			remoteGlobalIDString = 72A8E9012C779A3C0058AA93;
			remoteInfo = "no-neochi";
		};
/* End PBXContainerItemProxy section */

/* Begin PBXFileReference section */
		720EF4092C7AB3790065D375 /* LoginView.swift */ = {isa = PBXFileReference; lastKnownFileType = sourcecode.swift; path = LoginView.swift; sourceTree = "<group>"; };
		72873B112C7AF90B00BA75E8 /* CheckNeochi.swift */ = {isa = PBXFileReference; lastKnownFileType = sourcecode.swift; path = CheckNeochi.swift; sourceTree = "<group>"; };
		72873B132C7AFAE600BA75E8 /* Info.plist */ = {isa = PBXFileReference; lastKnownFileType = text.plist; path = Info.plist; sourceTree = "<group>"; };
		72873B142C7AFD2E00BA75E8 /* no-neochi.entitlements */ = {isa = PBXFileReference; lastKnownFileType = text.plist.entitlements; path = "no-neochi.entitlements"; sourceTree = "<group>"; };
		72873B152C7C064A00BA75E8 /* Alerm.swift */ = {isa = PBXFileReference; lastKnownFileType = sourcecode.swift; path = Alerm.swift; sourceTree = "<group>"; };
		72A8E9022C779A3C0058AA93 /* no-neochi.app */ = {isa = PBXFileReference; explicitFileType = wrapper.application; includeInIndex = 0; path = "no-neochi.app"; sourceTree = BUILT_PRODUCTS_DIR; };
		72A8E9052C779A3C0058AA93 /* no_neochiApp.swift */ = {isa = PBXFileReference; lastKnownFileType = sourcecode.swift; path = no_neochiApp.swift; sourceTree = "<group>"; };
		72A8E9072C779A3C0058AA93 /* ScheduleListView.swift */ = {isa = PBXFileReference; lastKnownFileType = sourcecode.swift; path = ScheduleListView.swift; sourceTree = "<group>"; };
		72A8E9092C779A3D0058AA93 /* Assets.xcassets */ = {isa = PBXFileReference; lastKnownFileType = folder.assetcatalog; path = Assets.xcassets; sourceTree = "<group>"; };
		72A8E90C2C779A3D0058AA93 /* Preview Assets.xcassets */ = {isa = PBXFileReference; lastKnownFileType = folder.assetcatalog; path = "Preview Assets.xcassets"; sourceTree = "<group>"; };
		72A8E9122C779A3D0058AA93 /* no-neochiTests.xctest */ = {isa = PBXFileReference; explicitFileType = wrapper.cfbundle; includeInIndex = 0; path = "no-neochiTests.xctest"; sourceTree = BUILT_PRODUCTS_DIR; };
		72A8E9162C779A3D0058AA93 /* no_neochiTests.swift */ = {isa = PBXFileReference; lastKnownFileType = sourcecode.swift; path = no_neochiTests.swift; sourceTree = "<group>"; };
		72A8E91C2C779A3D0058AA93 /* no-neochiUITests.xctest */ = {isa = PBXFileReference; explicitFileType = wrapper.cfbundle; includeInIndex = 0; path = "no-neochiUITests.xctest"; sourceTree = BUILT_PRODUCTS_DIR; };
		72A8E9202C779A3D0058AA93 /* no_neochiUITests.swift */ = {isa = PBXFileReference; lastKnownFileType = sourcecode.swift; path = no_neochiUITests.swift; sourceTree = "<group>"; };
		72A8E9222C779A3D0058AA93 /* no_neochiUITestsLaunchTests.swift */ = {isa = PBXFileReference; lastKnownFileType = sourcecode.swift; path = no_neochiUITestsLaunchTests.swift; sourceTree = "<group>"; };
		72A8E92F2C795B160058AA93 /* ButtomNavigationView.swift */ = {isa = PBXFileReference; lastKnownFileType = sourcecode.swift; path = ButtomNavigationView.swift; sourceTree = "<group>"; };
		72A8E9322C79C4E30058AA93 /* Schedule.swift */ = {isa = PBXFileReference; lastKnownFileType = sourcecode.swift; path = Schedule.swift; sourceTree = "<group>"; };
		72D776172C7A456F00CBA371 /* AddEventView.swift */ = {isa = PBXFileReference; lastKnownFileType = sourcecode.swift; path = AddEventView.swift; sourceTree = "<group>"; };
		72EB85CF2C7A4C9D00C673E4 /* formatter.swift */ = {isa = PBXFileReference; lastKnownFileType = sourcecode.swift; path = formatter.swift; sourceTree = "<group>"; };
/* End PBXFileReference section */

/* Begin PBXFrameworksBuildPhase section */
		72A8E8FF2C779A3C0058AA93 /* Frameworks */ = {
			isa = PBXFrameworksBuildPhase;
			buildActionMask = 2147483647;
			files = (
			);
			runOnlyForDeploymentPostprocessing = 0;
		};
		72A8E90F2C779A3D0058AA93 /* Frameworks */ = {
			isa = PBXFrameworksBuildPhase;
			buildActionMask = 2147483647;
			files = (
			);
			runOnlyForDeploymentPostprocessing = 0;
		};
		72A8E9192C779A3D0058AA93 /* Frameworks */ = {
			isa = PBXFrameworksBuildPhase;
			buildActionMask = 2147483647;
			files = (
			);
			runOnlyForDeploymentPostprocessing = 0;
		};
/* End PBXFrameworksBuildPhase section */

/* Begin PBXGroup section */
		720EF4072C7AB3290065D375 /* login */ = {
			isa = PBXGroup;
			children = (
				720EF4092C7AB3790065D375 /* LoginView.swift */,
			);
			path = login;
			sourceTree = "<group>";
		};
		720EF4082C7AB3310065D375 /* View */ = {
			isa = PBXGroup;
			children = (
				72D776192C7A457A00CBA371 /* main */,
				72D776162C7A454D00CBA371 /* add-event */,
				720EF4072C7AB3290065D375 /* login */,
			);
			path = View;
			sourceTree = "<group>";
		};
		72A8E8F92C779A3C0058AA93 = {
			isa = PBXGroup;
			children = (
				72A8E9042C779A3C0058AA93 /* no-neochi */,
				72A8E9152C779A3D0058AA93 /* no-neochiTests */,
				72A8E91F2C779A3D0058AA93 /* no-neochiUITests */,
				72A8E9032C779A3C0058AA93 /* Products */,
			);
			sourceTree = "<group>";
		};
		72A8E9032C779A3C0058AA93 /* Products */ = {
			isa = PBXGroup;
			children = (
				72A8E9022C779A3C0058AA93 /* no-neochi.app */,
				72A8E9122C779A3D0058AA93 /* no-neochiTests.xctest */,
				72A8E91C2C779A3D0058AA93 /* no-neochiUITests.xctest */,
			);
			name = Products;
			sourceTree = "<group>";
		};
		72A8E9042C779A3C0058AA93 /* no-neochi */ = {
			isa = PBXGroup;
			children = (
				72873B142C7AFD2E00BA75E8 /* no-neochi.entitlements */,
				72873B132C7AFAE600BA75E8 /* Info.plist */,
				720EF4082C7AB3310065D375 /* View */,
				72A8E9312C79C48D0058AA93 /* model */,
				72A8E9052C779A3C0058AA93 /* no_neochiApp.swift */,
				72A8E9092C779A3D0058AA93 /* Assets.xcassets */,
				72A8E90B2C779A3D0058AA93 /* Preview Content */,
				72A8E92F2C795B160058AA93 /* ButtomNavigationView.swift */,
				72EB85CF2C7A4C9D00C673E4 /* formatter.swift */,
				72873B112C7AF90B00BA75E8 /* CheckNeochi.swift */,
				72873B152C7C064A00BA75E8 /* Alerm.swift */,
			);
			path = "no-neochi";
			sourceTree = "<group>";
		};
		72A8E90B2C779A3D0058AA93 /* Preview Content */ = {
			isa = PBXGroup;
			children = (
				72A8E90C2C779A3D0058AA93 /* Preview Assets.xcassets */,
			);
			path = "Preview Content";
			sourceTree = "<group>";
		};
		72A8E9152C779A3D0058AA93 /* no-neochiTests */ = {
			isa = PBXGroup;
			children = (
				72A8E9162C779A3D0058AA93 /* no_neochiTests.swift */,
			);
			path = "no-neochiTests";
			sourceTree = "<group>";
		};
		72A8E91F2C779A3D0058AA93 /* no-neochiUITests */ = {
			isa = PBXGroup;
			children = (
				72A8E9202C779A3D0058AA93 /* no_neochiUITests.swift */,
				72A8E9222C779A3D0058AA93 /* no_neochiUITestsLaunchTests.swift */,
			);
			path = "no-neochiUITests";
			sourceTree = "<group>";
		};
		72A8E9312C79C48D0058AA93 /* model */ = {
			isa = PBXGroup;
			children = (
				72A8E9322C79C4E30058AA93 /* Schedule.swift */,
			);
			path = model;
			sourceTree = "<group>";
		};
		72D776162C7A454D00CBA371 /* add-event */ = {
			isa = PBXGroup;
			children = (
				72D776172C7A456F00CBA371 /* AddEventView.swift */,
			);
			path = "add-event";
			sourceTree = "<group>";
		};
		72D776192C7A457A00CBA371 /* main */ = {
			isa = PBXGroup;
			children = (
				72A8E9072C779A3C0058AA93 /* ScheduleListView.swift */,
			);
			path = main;
			sourceTree = "<group>";
		};
/* End PBXGroup section */

/* Begin PBXNativeTarget section */
		72A8E9012C779A3C0058AA93 /* no-neochi */ = {
			isa = PBXNativeTarget;
			buildConfigurationList = 72A8E9262C779A3D0058AA93 /* Build configuration list for PBXNativeTarget "no-neochi" */;
			buildPhases = (
				72A8E8FE2C779A3C0058AA93 /* Sources */,
				72A8E8FF2C779A3C0058AA93 /* Frameworks */,
				72A8E9002C779A3C0058AA93 /* Resources */,
			);
			buildRules = (
			);
			dependencies = (
			);
			name = "no-neochi";
			productName = "no-neochi";
			productReference = 72A8E9022C779A3C0058AA93 /* no-neochi.app */;
			productType = "com.apple.product-type.application";
		};
		72A8E9112C779A3D0058AA93 /* no-neochiTests */ = {
			isa = PBXNativeTarget;
			buildConfigurationList = 72A8E9292C779A3D0058AA93 /* Build configuration list for PBXNativeTarget "no-neochiTests" */;
			buildPhases = (
				72A8E90E2C779A3D0058AA93 /* Sources */,
				72A8E90F2C779A3D0058AA93 /* Frameworks */,
				72A8E9102C779A3D0058AA93 /* Resources */,
			);
			buildRules = (
			);
			dependencies = (
				72A8E9142C779A3D0058AA93 /* PBXTargetDependency */,
			);
			name = "no-neochiTests";
			productName = "no-neochiTests";
			productReference = 72A8E9122C779A3D0058AA93 /* no-neochiTests.xctest */;
			productType = "com.apple.product-type.bundle.unit-test";
		};
		72A8E91B2C779A3D0058AA93 /* no-neochiUITests */ = {
			isa = PBXNativeTarget;
			buildConfigurationList = 72A8E92C2C779A3D0058AA93 /* Build configuration list for PBXNativeTarget "no-neochiUITests" */;
			buildPhases = (
				72A8E9182C779A3D0058AA93 /* Sources */,
				72A8E9192C779A3D0058AA93 /* Frameworks */,
				72A8E91A2C779A3D0058AA93 /* Resources */,
			);
			buildRules = (
			);
			dependencies = (
				72A8E91E2C779A3D0058AA93 /* PBXTargetDependency */,
			);
			name = "no-neochiUITests";
			productName = "no-neochiUITests";
			productReference = 72A8E91C2C779A3D0058AA93 /* no-neochiUITests.xctest */;
			productType = "com.apple.product-type.bundle.ui-testing";
		};
/* End PBXNativeTarget section */

/* Begin PBXProject section */
		72A8E8FA2C779A3C0058AA93 /* Project object */ = {
			isa = PBXProject;
			attributes = {
				BuildIndependentTargetsInParallel = 1;
				LastSwiftUpdateCheck = 1530;
				LastUpgradeCheck = 1530;
				TargetAttributes = {
					72A8E9012C779A3C0058AA93 = {
						CreatedOnToolsVersion = 15.3;
					};
					72A8E9112C779A3D0058AA93 = {
						CreatedOnToolsVersion = 15.3;
						TestTargetID = 72A8E9012C779A3C0058AA93;
					};
					72A8E91B2C779A3D0058AA93 = {
						CreatedOnToolsVersion = 15.3;
						TestTargetID = 72A8E9012C779A3C0058AA93;
					};
				};
			};
			buildConfigurationList = 72A8E8FD2C779A3C0058AA93 /* Build configuration list for PBXProject "no-neochi" */;
			compatibilityVersion = "Xcode 14.0";
			developmentRegion = en;
			hasScannedForEncodings = 0;
			knownRegions = (
				en,
				Base,
			);
			mainGroup = 72A8E8F92C779A3C0058AA93;
			productRefGroup = 72A8E9032C779A3C0058AA93 /* Products */;
			projectDirPath = "";
			projectRoot = "";
			targets = (
				72A8E9012C779A3C0058AA93 /* no-neochi */,
				72A8E9112C779A3D0058AA93 /* no-neochiTests */,
				72A8E91B2C779A3D0058AA93 /* no-neochiUITests */,
			);
		};
/* End PBXProject section */

/* Begin PBXResourcesBuildPhase section */
		72A8E9002C779A3C0058AA93 /* Resources */ = {
			isa = PBXResourcesBuildPhase;
			buildActionMask = 2147483647;
			files = (
				72A8E90D2C779A3D0058AA93 /* Preview Assets.xcassets in Resources */,
				72A8E90A2C779A3D0058AA93 /* Assets.xcassets in Resources */,
			);
			runOnlyForDeploymentPostprocessing = 0;
		};
		72A8E9102C779A3D0058AA93 /* Resources */ = {
			isa = PBXResourcesBuildPhase;
			buildActionMask = 2147483647;
			files = (
			);
			runOnlyForDeploymentPostprocessing = 0;
		};
		72A8E91A2C779A3D0058AA93 /* Resources */ = {
			isa = PBXResourcesBuildPhase;
			buildActionMask = 2147483647;
			files = (
			);
			runOnlyForDeploymentPostprocessing = 0;
		};
/* End PBXResourcesBuildPhase section */

/* Begin PBXSourcesBuildPhase section */
		72A8E8FE2C779A3C0058AA93 /* Sources */ = {
			isa = PBXSourcesBuildPhase;
			buildActionMask = 2147483647;
			files = (
				72873B122C7AF90B00BA75E8 /* CheckNeochi.swift in Sources */,
				72873B162C7C064A00BA75E8 /* Alerm.swift in Sources */,
				72EB85D02C7A4C9D00C673E4 /* formatter.swift in Sources */,
				720EF40A2C7AB3790065D375 /* LoginView.swift in Sources */,
				72D776182C7A456F00CBA371 /* AddEventView.swift in Sources */,
				72A8E9302C795B160058AA93 /* ButtomNavigationView.swift in Sources */,
				72A8E9082C779A3C0058AA93 /* ScheduleListView.swift in Sources */,
				72A8E9332C79C4E30058AA93 /* Schedule.swift in Sources */,
				72A8E9062C779A3C0058AA93 /* no_neochiApp.swift in Sources */,
			);
			runOnlyForDeploymentPostprocessing = 0;
		};
		72A8E90E2C779A3D0058AA93 /* Sources */ = {
			isa = PBXSourcesBuildPhase;
			buildActionMask = 2147483647;
			files = (
				72A8E9172C779A3D0058AA93 /* no_neochiTests.swift in Sources */,
			);
			runOnlyForDeploymentPostprocessing = 0;
		};
		72A8E9182C779A3D0058AA93 /* Sources */ = {
			isa = PBXSourcesBuildPhase;
			buildActionMask = 2147483647;
			files = (
				72A8E9212C779A3D0058AA93 /* no_neochiUITests.swift in Sources */,
				72A8E9232C779A3D0058AA93 /* no_neochiUITestsLaunchTests.swift in Sources */,
			);
			runOnlyForDeploymentPostprocessing = 0;
		};
/* End PBXSourcesBuildPhase section */

/* Begin PBXTargetDependency section */
		72A8E9142C779A3D0058AA93 /* PBXTargetDependency */ = {
			isa = PBXTargetDependency;
			target = 72A8E9012C779A3C0058AA93 /* no-neochi */;
			targetProxy = 72A8E9132C779A3D0058AA93 /* PBXContainerItemProxy */;
		};
		72A8E91E2C779A3D0058AA93 /* PBXTargetDependency */ = {
			isa = PBXTargetDependency;
			target = 72A8E9012C779A3C0058AA93 /* no-neochi */;
			targetProxy = 72A8E91D2C779A3D0058AA93 /* PBXContainerItemProxy */;
		};
/* End PBXTargetDependency section */

/* Begin XCBuildConfiguration section */
		72A8E9242C779A3D0058AA93 /* Debug */ = {
			isa = XCBuildConfiguration;
			buildSettings = {
				ALWAYS_SEARCH_USER_PATHS = NO;
				ASSETCATALOG_COMPILER_GENERATE_SWIFT_ASSET_SYMBOL_EXTENSIONS = YES;
				CLANG_ANALYZER_NONNULL = YES;
				CLANG_ANALYZER_NUMBER_OBJECT_CONVERSION = YES_AGGRESSIVE;
				CLANG_CXX_LANGUAGE_STANDARD = "gnu++20";
				CLANG_ENABLE_MODULES = YES;
				CLANG_ENABLE_OBJC_ARC = YES;
				CLANG_ENABLE_OBJC_WEAK = YES;
				CLANG_WARN_BLOCK_CAPTURE_AUTORELEASING = YES;
				CLANG_WARN_BOOL_CONVERSION = YES;
				CLANG_WARN_COMMA = YES;
				CLANG_WARN_CONSTANT_CONVERSION = YES;
				CLANG_WARN_DEPRECATED_OBJC_IMPLEMENTATIONS = YES;
				CLANG_WARN_DIRECT_OBJC_ISA_USAGE = YES_ERROR;
				CLANG_WARN_DOCUMENTATION_COMMENTS = YES;
				CLANG_WARN_EMPTY_BODY = YES;
				CLANG_WARN_ENUM_CONVERSION = YES;
				CLANG_WARN_INFINITE_RECURSION = YES;
				CLANG_WARN_INT_CONVERSION = YES;
				CLANG_WARN_NON_LITERAL_NULL_CONVERSION = YES;
				CLANG_WARN_OBJC_IMPLICIT_RETAIN_SELF = YES;
				CLANG_WARN_OBJC_LITERAL_CONVERSION = YES;
				CLANG_WARN_OBJC_ROOT_CLASS = YES_ERROR;
				CLANG_WARN_QUOTED_INCLUDE_IN_FRAMEWORK_HEADER = YES;
				CLANG_WARN_RANGE_LOOP_ANALYSIS = YES;
				CLANG_WARN_STRICT_PROTOTYPES = YES;
				CLANG_WARN_SUSPICIOUS_MOVE = YES;
				CLANG_WARN_UNGUARDED_AVAILABILITY = YES_AGGRESSIVE;
				CLANG_WARN_UNREACHABLE_CODE = YES;
				CLANG_WARN__DUPLICATE_METHOD_MATCH = YES;
				COPY_PHASE_STRIP = NO;
				DEBUG_INFORMATION_FORMAT = dwarf;
				ENABLE_STRICT_OBJC_MSGSEND = YES;
				ENABLE_TESTABILITY = YES;
				ENABLE_USER_SCRIPT_SANDBOXING = YES;
				GCC_C_LANGUAGE_STANDARD = gnu17;
				GCC_DYNAMIC_NO_PIC = NO;
				GCC_NO_COMMON_BLOCKS = YES;
				GCC_OPTIMIZATION_LEVEL = 0;
				GCC_PREPROCESSOR_DEFINITIONS = (
					"DEBUG=1",
					"$(inherited)",
				);
				GCC_WARN_64_TO_32_BIT_CONVERSION = YES;
				GCC_WARN_ABOUT_RETURN_TYPE = YES_ERROR;
				GCC_WARN_UNDECLARED_SELECTOR = YES;
				GCC_WARN_UNINITIALIZED_AUTOS = YES_AGGRESSIVE;
				GCC_WARN_UNUSED_FUNCTION = YES;
				GCC_WARN_UNUSED_VARIABLE = YES;
				IPHONEOS_DEPLOYMENT_TARGET = 17.4;
				LOCALIZATION_PREFERS_STRING_CATALOGS = YES;
				MTL_ENABLE_DEBUG_INFO = INCLUDE_SOURCE;
				MTL_FAST_MATH = YES;
				ONLY_ACTIVE_ARCH = YES;
				SDKROOT = iphoneos;
				SWIFT_ACTIVE_COMPILATION_CONDITIONS = "DEBUG $(inherited)";
				SWIFT_OPTIMIZATION_LEVEL = "-Onone";
			};
			name = Debug;
		};
		72A8E9252C779A3D0058AA93 /* Release */ = {
			isa = XCBuildConfiguration;
			buildSettings = {
				ALWAYS_SEARCH_USER_PATHS = NO;
				ASSETCATALOG_COMPILER_GENERATE_SWIFT_ASSET_SYMBOL_EXTENSIONS = YES;
				CLANG_ANALYZER_NONNULL = YES;
				CLANG_ANALYZER_NUMBER_OBJECT_CONVERSION = YES_AGGRESSIVE;
				CLANG_CXX_LANGUAGE_STANDARD = "gnu++20";
				CLANG_ENABLE_MODULES = YES;
				CLANG_ENABLE_OBJC_ARC = YES;
				CLANG_ENABLE_OBJC_WEAK = YES;
				CLANG_WARN_BLOCK_CAPTURE_AUTORELEASING = YES;
				CLANG_WARN_BOOL_CONVERSION = YES;
				CLANG_WARN_COMMA = YES;
				CLANG_WARN_CONSTANT_CONVERSION = YES;
				CLANG_WARN_DEPRECATED_OBJC_IMPLEMENTATIONS = YES;
				CLANG_WARN_DIRECT_OBJC_ISA_USAGE = YES_ERROR;
				CLANG_WARN_DOCUMENTATION_COMMENTS = YES;
				CLANG_WARN_EMPTY_BODY = YES;
				CLANG_WARN_ENUM_CONVERSION = YES;
				CLANG_WARN_INFINITE_RECURSION = YES;
				CLANG_WARN_INT_CONVERSION = YES;
				CLANG_WARN_NON_LITERAL_NULL_CONVERSION = YES;
				CLANG_WARN_OBJC_IMPLICIT_RETAIN_SELF = YES;
				CLANG_WARN_OBJC_LITERAL_CONVERSION = YES;
				CLANG_WARN_OBJC_ROOT_CLASS = YES_ERROR;
				CLANG_WARN_QUOTED_INCLUDE_IN_FRAMEWORK_HEADER = YES;
				CLANG_WARN_RANGE_LOOP_ANALYSIS = YES;
				CLANG_WARN_STRICT_PROTOTYPES = YES;
				CLANG_WARN_SUSPICIOUS_MOVE = YES;
				CLANG_WARN_UNGUARDED_AVAILABILITY = YES_AGGRESSIVE;
				CLANG_WARN_UNREACHABLE_CODE = YES;
				CLANG_WARN__DUPLICATE_METHOD_MATCH = YES;
				COPY_PHASE_STRIP = NO;
				DEBUG_INFORMATION_FORMAT = "dwarf-with-dsym";
				ENABLE_NS_ASSERTIONS = NO;
				ENABLE_STRICT_OBJC_MSGSEND = YES;
				ENABLE_USER_SCRIPT_SANDBOXING = YES;
				GCC_C_LANGUAGE_STANDARD = gnu17;
				GCC_NO_COMMON_BLOCKS = YES;
				GCC_WARN_64_TO_32_BIT_CONVERSION = YES;
				GCC_WARN_ABOUT_RETURN_TYPE = YES_ERROR;
				GCC_WARN_UNDECLARED_SELECTOR = YES;
				GCC_WARN_UNINITIALIZED_AUTOS = YES_AGGRESSIVE;
				GCC_WARN_UNUSED_FUNCTION = YES;
				GCC_WARN_UNUSED_VARIABLE = YES;
				IPHONEOS_DEPLOYMENT_TARGET = 17.4;
				LOCALIZATION_PREFERS_STRING_CATALOGS = YES;
				MTL_ENABLE_DEBUG_INFO = NO;
				MTL_FAST_MATH = YES;
				SDKROOT = iphoneos;
				SWIFT_COMPILATION_MODE = wholemodule;
				VALIDATE_PRODUCT = YES;
			};
			name = Release;
		};
		72A8E9272C779A3D0058AA93 /* Debug */ = {
			isa = XCBuildConfiguration;
			buildSettings = {
				ASSETCATALOG_COMPILER_APPICON_NAME = AppIcon;
				ASSETCATALOG_COMPILER_GLOBAL_ACCENT_COLOR_NAME = AccentColor;
				CODE_SIGN_ENTITLEMENTS = "no-neochi/no-neochi.entitlements";
				CODE_SIGN_STYLE = Automatic;
				CURRENT_PROJECT_VERSION = 1;
				DEVELOPMENT_ASSET_PATHS = "\"no-neochi/Preview Content\"";
				DEVELOPMENT_TEAM = TVH687AC7F;
				ENABLE_PREVIEWS = YES;
				GENERATE_INFOPLIST_FILE = YES;
				INFOPLIST_FILE = "no-neochi/Info.plist";
				INFOPLIST_KEY_CFBundleDisplayName = "";
				INFOPLIST_KEY_NSHealthShareUsageDescription = "寝落ちの検知に使用しますyo";
				INFOPLIST_KEY_NSHealthUpdateUsageDescription = "寝落ちの検知に使用しますyo";
				INFOPLIST_KEY_UIApplicationSceneManifest_Generation = YES;
				INFOPLIST_KEY_UIApplicationSupportsIndirectInputEvents = YES;
				INFOPLIST_KEY_UILaunchScreen_Generation = YES;
				INFOPLIST_KEY_UISupportedInterfaceOrientations_iPad = "UIInterfaceOrientationPortrait UIInterfaceOrientationPortraitUpsideDown UIInterfaceOrientationLandscapeLeft UIInterfaceOrientationLandscapeRight";
				INFOPLIST_KEY_UISupportedInterfaceOrientations_iPhone = "UIInterfaceOrientationPortrait UIInterfaceOrientationLandscapeLeft UIInterfaceOrientationLandscapeRight";
				LD_RUNPATH_SEARCH_PATHS = (
					"$(inherited)",
					"@executable_path/Frameworks",
				);
				MARKETING_VERSION = 1.0;
				PRODUCT_BUNDLE_IDENTIFIER = "com.hosonuma.sakki.no-neochi-app";
				PRODUCT_NAME = "$(TARGET_NAME)";
				SWIFT_EMIT_LOC_STRINGS = YES;
				SWIFT_VERSION = 5.0;
				TARGETED_DEVICE_FAMILY = "1,2";
			};
			name = Debug;
		};
		72A8E9282C779A3D0058AA93 /* Release */ = {
			isa = XCBuildConfiguration;
			buildSettings = {
				ASSETCATALOG_COMPILER_APPICON_NAME = AppIcon;
				ASSETCATALOG_COMPILER_GLOBAL_ACCENT_COLOR_NAME = AccentColor;
				CODE_SIGN_ENTITLEMENTS = "no-neochi/no-neochi.entitlements";
				CODE_SIGN_STYLE = Automatic;
				CURRENT_PROJECT_VERSION = 1;
				DEVELOPMENT_ASSET_PATHS = "\"no-neochi/Preview Content\"";
				DEVELOPMENT_TEAM = TVH687AC7F;
				ENABLE_PREVIEWS = YES;
				GENERATE_INFOPLIST_FILE = YES;
				INFOPLIST_FILE = "no-neochi/Info.plist";
				INFOPLIST_KEY_CFBundleDisplayName = "";
				INFOPLIST_KEY_NSHealthShareUsageDescription = "寝落ちの検知に使用しますyo";
				INFOPLIST_KEY_NSHealthUpdateUsageDescription = "寝落ちの検知に使用しますyo";
				INFOPLIST_KEY_UIApplicationSceneManifest_Generation = YES;
				INFOPLIST_KEY_UIApplicationSupportsIndirectInputEvents = YES;
				INFOPLIST_KEY_UILaunchScreen_Generation = YES;
				INFOPLIST_KEY_UISupportedInterfaceOrientations_iPad = "UIInterfaceOrientationPortrait UIInterfaceOrientationPortraitUpsideDown UIInterfaceOrientationLandscapeLeft UIInterfaceOrientationLandscapeRight";
				INFOPLIST_KEY_UISupportedInterfaceOrientations_iPhone = "UIInterfaceOrientationPortrait UIInterfaceOrientationLandscapeLeft UIInterfaceOrientationLandscapeRight";
				LD_RUNPATH_SEARCH_PATHS = (
					"$(inherited)",
					"@executable_path/Frameworks",
				);
				MARKETING_VERSION = 1.0;
				PRODUCT_BUNDLE_IDENTIFIER = "com.hosonuma.sakki.no-neochi-app";
				PRODUCT_NAME = "$(TARGET_NAME)";
				SWIFT_EMIT_LOC_STRINGS = YES;
				SWIFT_VERSION = 5.0;
				TARGETED_DEVICE_FAMILY = "1,2";
			};
			name = Release;
		};
		72A8E92A2C779A3D0058AA93 /* Debug */ = {
			isa = XCBuildConfiguration;
			buildSettings = {
				ALWAYS_EMBED_SWIFT_STANDARD_LIBRARIES = YES;
				BUNDLE_LOADER = "$(TEST_HOST)";
				CODE_SIGN_STYLE = Automatic;
				CURRENT_PROJECT_VERSION = 1;
				GENERATE_INFOPLIST_FILE = YES;
				IPHONEOS_DEPLOYMENT_TARGET = 17.4;
				MARKETING_VERSION = 1.0;
				PRODUCT_BUNDLE_IDENTIFIER = "com.hosonuma.sakki.no-neochiTests";
				PRODUCT_NAME = "$(TARGET_NAME)";
				SWIFT_EMIT_LOC_STRINGS = NO;
				SWIFT_VERSION = 5.0;
				TARGETED_DEVICE_FAMILY = "1,2";
				TEST_HOST = "$(BUILT_PRODUCTS_DIR)/no-neochi.app/$(BUNDLE_EXECUTABLE_FOLDER_PATH)/no-neochi";
			};
			name = Debug;
		};
		72A8E92B2C779A3D0058AA93 /* Release */ = {
			isa = XCBuildConfiguration;
			buildSettings = {
				ALWAYS_EMBED_SWIFT_STANDARD_LIBRARIES = YES;
				BUNDLE_LOADER = "$(TEST_HOST)";
				CODE_SIGN_STYLE = Automatic;
				CURRENT_PROJECT_VERSION = 1;
				GENERATE_INFOPLIST_FILE = YES;
				IPHONEOS_DEPLOYMENT_TARGET = 17.4;
				MARKETING_VERSION = 1.0;
				PRODUCT_BUNDLE_IDENTIFIER = "com.hosonuma.sakki.no-neochiTests";
				PRODUCT_NAME = "$(TARGET_NAME)";
				SWIFT_EMIT_LOC_STRINGS = NO;
				SWIFT_VERSION = 5.0;
				TARGETED_DEVICE_FAMILY = "1,2";
				TEST_HOST = "$(BUILT_PRODUCTS_DIR)/no-neochi.app/$(BUNDLE_EXECUTABLE_FOLDER_PATH)/no-neochi";
			};
			name = Release;
		};
		72A8E92D2C779A3D0058AA93 /* Debug */ = {
			isa = XCBuildConfiguration;
			buildSettings = {
				ALWAYS_EMBED_SWIFT_STANDARD_LIBRARIES = YES;
				CODE_SIGN_STYLE = Automatic;
				CURRENT_PROJECT_VERSION = 1;
				GENERATE_INFOPLIST_FILE = YES;
				MARKETING_VERSION = 1.0;
				PRODUCT_BUNDLE_IDENTIFIER = "com.hosonuma.sakki.no-neochiUITests";
				PRODUCT_NAME = "$(TARGET_NAME)";
				SWIFT_EMIT_LOC_STRINGS = NO;
				SWIFT_VERSION = 5.0;
				TARGETED_DEVICE_FAMILY = "1,2";
				TEST_TARGET_NAME = "no-neochi";
			};
			name = Debug;
		};
		72A8E92E2C779A3D0058AA93 /* Release */ = {
			isa = XCBuildConfiguration;
			buildSettings = {
				ALWAYS_EMBED_SWIFT_STANDARD_LIBRARIES = YES;
				CODE_SIGN_STYLE = Automatic;
				CURRENT_PROJECT_VERSION = 1;
				GENERATE_INFOPLIST_FILE = YES;
				MARKETING_VERSION = 1.0;
				PRODUCT_BUNDLE_IDENTIFIER = "com.hosonuma.sakki.no-neochiUITests";
				PRODUCT_NAME = "$(TARGET_NAME)";
				SWIFT_EMIT_LOC_STRINGS = NO;
				SWIFT_VERSION = 5.0;
				TARGETED_DEVICE_FAMILY = "1,2";
				TEST_TARGET_NAME = "no-neochi";
			};
			name = Release;
		};
/* End XCBuildConfiguration section */

/* Begin XCConfigurationList section */
		72A8E8FD2C779A3C0058AA93 /* Build configuration list for PBXProject "no-neochi" */ = {
			isa = XCConfigurationList;
			buildConfigurations = (
				72A8E9242C779A3D0058AA93 /* Debug */,
				72A8E9252C779A3D0058AA93 /* Release */,
			);
			defaultConfigurationIsVisible = 0;
			defaultConfigurationName = Release;
		};
		72A8E9262C779A3D0058AA93 /* Build configuration list for PBXNativeTarget "no-neochi" */ = {
			isa = XCConfigurationList;
			buildConfigurations = (
				72A8E9272C779A3D0058AA93 /* Debug */,
				72A8E9282C779A3D0058AA93 /* Release */,
			);
			defaultConfigurationIsVisible = 0;
			defaultConfigurationName = Release;
		};
		72A8E9292C779A3D0058AA93 /* Build configuration list for PBXNativeTarget "no-neochiTests" */ = {
			isa = XCConfigurationList;
			buildConfigurations = (
				72A8E92A2C779A3D0058AA93 /* Debug */,
				72A8E92B2C779A3D0058AA93 /* Release */,
			);
			defaultConfigurationIsVisible = 0;
			defaultConfigurationName = Release;
		};
		72A8E92C2C779A3D0058AA93 /* Build configuration list for PBXNativeTarget "no-neochiUITests" */ = {
			isa = XCConfigurationList;
			buildConfigurations = (
				72A8E92D2C779A3D0058AA93 /* Debug */,
				72A8E92E2C779A3D0058AA93 /* Release */,
			);
			defaultConfigurationIsVisible = 0;
			defaultConfigurationName = Release;
		};
/* End XCConfigurationList section */
	};
	rootObject = 72A8E8FA2C779A3C0058AA93 /* Project object */;
}
